Microsoft Visual Studio Solution File, Format Version 11.00
# Visual C++ Express 2010
Project("{8BC9CEB8-8B4A-11D0-8D11-00A0C91BC942}") = "ALL_BUILD", "ALL_BUILD.vcxproj", "{C13ADE32-FEAC-4788-BA09-4792B634CDB7}"
	ProjectSection(ProjectDependencies) = postProject
		{7A5D577D-ED4B-4F7D-86BD-F898124DBB44} = {7A5D577D-ED4B-4F7D-86BD-F898124DBB44}
		{43C8BAE1-ED8C-41F5-8527-03E66EB8384C} = {43C8BAE1-ED8C-41F5-8527-03E66EB8384C}
	EndProjectSection
EndProject
Project("{8BC9CEB8-8B4A-11D0-8D11-00A0C91BC942}") = "QtImageViewer", "QtImageViewer.vcxproj", "{7A5D577D-ED4B-4F7D-86BD-F898124DBB44}"
	ProjectSection(ProjectDependencies) = postProject
		{43C8BAE1-ED8C-41F5-8527-03E66EB8384C} = {43C8BAE1-ED8C-41F5-8527-03E66EB8384C}
	EndProjectSection
EndProject
Project("{8BC9CEB8-8B4A-11D0-8D11-00A0C91BC942}") = "ZERO_CHECK", "ZERO_CHECK.vcxproj", "{43C8BAE1-ED8C-41F5-8527-03E66EB8384C}"
	ProjectSection(ProjectDependencies) = postProject
	EndProjectSection
EndProject
Global
	GlobalSection(SolutionConfigurationPlatforms) = preSolution
		Debug|Win32 = Debug|Win32
		Release|Win32 = Release|Win32
		MinSizeRel|Win32 = MinSizeRel|Win32
		RelWithDebInfo|Win32 = RelWithDebInfo|Win32
	EndGlobalSection
	GlobalSection(ProjectConfigurationPlatforms) = postSolution
		{C13ADE32-FEAC-4788-BA09-4792B634CDB7}.Debug|Win32.ActiveCfg = Debug|Win32
		{C13ADE32-FEAC-4788-BA09-4792B634CDB7}.Release|Win32.ActiveCfg = Release|Win32
		{C13ADE32-FEAC-4788-BA09-4792B634CDB7}.MinSizeRel|Win32.ActiveCfg = MinSizeRel|Win32
		{C13ADE32-FEAC-4788-BA09-4792B634CDB7}.RelWithDebInfo|Win32.ActiveCfg = RelWithDebInfo|Win32
		{7A5D577D-ED4B-4F7D-86BD-F898124DBB44}.Debug|Win32.ActiveCfg = Debug|Win32
		{7A5D577D-ED4B-4F7D-86BD-F898124DBB44}.Debug|Win32.Build.0 = Debug|Win32
		{7A5D577D-ED4B-4F7D-86BD-F898124DBB44}.Release|Win32.ActiveCfg = Release|Win32
		{7A5D577D-ED4B-4F7D-86BD-F898124DBB44}.Release|Win32.Build.0 = Release|Win32
		{7A5D577D-ED4B-4F7D-86BD-F898124DBB44}.MinSizeRel|Win32.ActiveCfg = MinSizeRel|Win32
		{7A5D577D-ED4B-4F7D-86BD-F898124DBB44}.MinSizeRel|Win32.Build.0 = MinSizeRel|Win32
		{7A5D577D-ED4B-4F7D-86BD-F898124DBB44}.RelWithDebInfo|Win32.ActiveCfg = RelWithDebInfo|Win32
		{7A5D577D-ED4B-4F7D-86BD-F898124DBB44}.RelWithDebInfo|Win32.Build.0 = RelWithDebInfo|Win32
		{43C8BAE1-ED8C-41F5-8527-03E66EB8384C}.Debug|Win32.ActiveCfg = Debug|Win32
		{43C8BAE1-ED8C-41F5-8527-03E66EB8384C}.Debug|Win32.Build.0 = Debug|Win32
		{43C8BAE1-ED8C-41F5-8527-03E66EB8384C}.Release|Win32.ActiveCfg = Release|Win32
		{43C8BAE1-ED8C-41F5-8527-03E66EB8384C}.Release|Win32.Build.0 = Release|Win32
		{43C8BAE1-ED8C-41F5-8527-03E66EB8384C}.MinSizeRel|Win32.ActiveCfg = MinSizeRel|Win32
		{43C8BAE1-ED8C-41F5-8527-03E66EB8384C}.MinSizeRel|Win32.Build.0 = MinSizeRel|Win32
		{43C8BAE1-ED8C-41F5-8527-03E66EB8384C}.RelWithDebInfo|Win32.ActiveCfg = RelWithDebInfo|Win32
		{43C8BAE1-ED8C-41F5-8527-03E66EB8384C}.RelWithDebInfo|Win32.Build.0 = RelWithDebInfo|Win32
	EndGlobalSection
	GlobalSection(ExtensibilityGlobals) = postSolution
	EndGlobalSection
	GlobalSection(ExtensibilityAddIns) = postSolution
	EndGlobalSection
EndGlobal
